
Microsoft Visual Studio Solution File, Format Version 12.00
# Visual Studio Version 17
VisualStudioVersion = 17.2.32519.379
MinimumVisualStudioVersion = 10.0.40219.1
Project("{FAE04EC0-301F-11D3-BF4B-00C04F79EFBC}") = "Chat App", "Chat App\Chat App.csproj", "{78800819-3755-4069-912F-A0626C449D85}"
EndProject
Global
	GlobalSection(SolutionConfigurationPlatforms) = preSolution
		Debug|Any CPU = Debug|Any CPU
		Release|Any CPU = Release|Any CPU
	EndGlobalSection
	GlobalSection(ProjectConfigurationPlatforms) = postSolution
		{78800819-3755-4069-912F-A0626C449D85}.Debug|Any CPU.ActiveCfg = Debug|Any CPU
		{78800819-3755-4069-912F-A0626C449D85}.Debug|Any CPU.Build.0 = Debug|Any CPU
		{78800819-3755-4069-912F-A0626C449D85}.Release|Any CPU.ActiveCfg = Release|Any CPU
		{78800819-3755-4069-912F-A0626C449D85}.Release|Any CPU.Build.0 = Release|Any CPU
	EndGlobalSection
	GlobalSection(SolutionProperties) = preSolution
		HideSolutionNode = FALSE
	EndGlobalSection
	GlobalSection(ExtensibilityGlobals) = postSolution
		SolutionGuid = {E88A7AF9-496F-4B2B-8DF4-C66003942526}
	EndGlobalSection
EndGlobal
